<?xml version="1.0" encoding="utf-8"?>
<Project ToolsVersion="4.0" xmlns="http://schemas.microsoft.com/developer/msbuild/2003">
  <ItemGroup>
    <Filter Include="Source Files">
      <UniqueIdentifier>{4FC737F1-C7A5-4376-A066-2A32D752A2FF}</UniqueIdentifier>
      <Extensions>cpp;c;cc;cxx;def;odl;idl;hpj;bat;asm;asmx</Extensions>
    </Filter>
    <Filter Include="Header Files">
      <UniqueIdentifier>{93995380-89BD-4b04-88EB-625FBE52EBFB}</UniqueIdentifier>
      <Extensions>h;hh;hpp;hxx;hm;inl;inc;xsd</Extensions>
    </Filter>
    <Filter Include="Resource Files">
      <UniqueIdentifier>{67DA6AB6-F800-4c08-8B7A-83BB121AAD01}</UniqueIdentifier>
      <Extensions>rc;ico;cur;bmp;dlg;rc2;rct;bin;rgs;gif;jpg;jpeg;jpe;resx;tiff;tif;png;wav;mfcribbon-ms</Extensions>
    </Filter>
    <Filter Include="Header Files\Include">
      <UniqueIdentifier>{06a2f3da-9bab-46fc-9d3b-190ecdec429f}</UniqueIdentifier>
    </Filter>
    <Filter Include="Source Files\src">
      <UniqueIdentifier>{898f3126-b805-4094-bfae-e83094b9e545}</UniqueIdentifier>
    </Filter>
  </ItemGroup>
  <ItemGroup>
    <ClCompile Include="src\stdafx.cpp">
      <Filter>Source Files\src</Filter>
    </ClCompile>
    <ClCompile Include="src\LuaHookNG.cpp">
      <Filter>Source Files\src</Filter>
    </ClCompile>
    <ClCompile Include="src\PaydayLua.cpp">
      <Filter>Source Files\src</Filter>
    </ClCompile>
    <ClCompile Include="src\FunctionHooker.cpp">
      <Filter>Source Files\src</Filter>
    </ClCompile>
    <ClCompile Include="src\Utility.cpp">
      <Filter>Source Files\src</Filter>
    </ClCompile>
    <ClCompile Include="src\LuaInterface.cpp">
      <Filter>Source Files\src</Filter>
    </ClCompile>
    <ClCompile Include="src\LuaGame.cpp">
      <Filter>Source Files\src</Filter>
    </ClCompile>
    <ClCompile Include="src\LuaGameImpl.cpp">
      <Filter>Source Files\src</Filter>
    </ClCompile>
  </ItemGroup>
  <ItemGroup>
    <ClInclude Include="include\stdafx.h">
      <Filter>Header Files\Include</Filter>
    </ClInclude>
    <ClInclude Include="include\targetver.h">
      <Filter>Header Files\Include</Filter>
    </ClInclude>
    <ClInclude Include="include\LuaInterface.h">
      <Filter>Header Files\Include</Filter>
    </ClInclude>
    <ClInclude Include="include\PaydayLua.h">
      <Filter>Header Files\Include</Filter>
    </ClInclude>
    <ClInclude Include="include\LuaHookNG.h">
      <Filter>Header Files\Include</Filter>
    </ClInclude>
    <ClInclude Include="include\Utility.h">
      <Filter>Header Files\Include</Filter>
    </ClInclude>
    <ClInclude Include="include\FunctionHooker.h">
      <Filter>Header Files\Include</Filter>
    </ClInclude>
    <ClInclude Include="include\ProcessSearcher.h">
      <Filter>Header Files\Include</Filter>
    </ClInclude>
    <ClInclude Include="include\LuaGame.h">
      <Filter>Header Files\Include</Filter>
    </ClInclude>
    <ClInclude Include="include\LuaGameImpl.h">
      <Filter>Header Files\Include</Filter>
    </ClInclude>
    <ClInclude Include="include\TempDetour.h">
      <Filter>Header Files\Include</Filter>
    </ClInclude>
  </ItemGroup>
  <ItemGroup>
    <Text Include="..\OldCode.txt" />
  </ItemGroup>
</Project>